{
  "name": "dashbi-data-provider-jenkins-build",
  "version": "0.1.1",
  "lockfileVersion": 1,
  "requires": true,
  "dependencies": {
    "axios": {
      "version": "0.21.1",
      "resolved": "https://registry.npmjs.org/axios/-/axios-0.21.1.tgz",
      "integrity": "sha512-dKQiRHxGD9PPRIUNIWvZhPTPpl1rf/OxTYKsqKUDjBwYylTvV7SjSHJb9ratfyzM6wCdLCOYLzs73qpg5c4iGA==",
      "requires": {
        "follow-redirects": "^1.10.0"
      }
    },
    "dashbi-worker": {
      "version": "0.1.0",
      "resolved": "https://registry.npmjs.org/dashbi-worker/-/dashbi-worker-0.1.0.tgz",
      "integrity": "sha512-PUGIsypHcmmx3ZR3HH1UYWdE40dLVshkZchxO81uiLDLfwN/hQhDxPwVn7ljngSK4ppE4ia6b2Zcj34zHp7gMw==",
      "requires": {
        "finka": "^1.4.0"
      }
    },
    "finka": {
      "version": "1.4.0",
      "resolved": "https://registry.npmjs.org/finka/-/finka-1.4.0.tgz",
      "integrity": "sha512-QWETHd/UaSrOdCyvhVXlBmFRLZlrMgNEFAa2ZXBq0DYogzB2F/ttKa3CyuIQ7Z539TNnQY0jrzeiR9pxHQqmFw=="
    },
    "follow-redirects": {
      "version": "1.14.8",
      "resolved": "https://registry.npmjs.org/follow-redirects/-/follow-redirects-1.14.8.tgz",
      "integrity": "sha512-1x0S9UVJHsQprFcEC/qnNzBLcIxsjAV905f/UkQxbclCsoTWlacCNOpQa/anodLl2uaEKFhfWOvM2Qg77+15zA=="
    }
  }
}
